// !$*UTF8*$!
{
	archiveVersion = 1;
	classes = {
	};
	objectVersion = 46;
	objects = {

/* Begin PBXBuildFile section */
		084B82F31C5F2B7B00A1D514 /* AppDelegate.swift in Sources */ = {isa = PBXBuildFile; fileRef = 084B82F21C5F2B7B00A1D514 /* AppDelegate.swift */; };
		084B82F81C5F2B7B00A1D514 /* Main.storyboard in Resources */ = {isa = PBXBuildFile; fileRef = 084B82F61C5F2B7B00A1D514 /* Main.storyboard */; };
		084B82FA1C5F2B7B00A1D514 /* Assets.xcassets in Resources */ = {isa = PBXBuildFile; fileRef = 084B82F91C5F2B7B00A1D514 /* Assets.xcassets */; };
		084B82FD1C5F2B7B00A1D514 /* LaunchScreen.storyboard in Resources */ = {isa = PBXBuildFile; fileRef = 084B82FB1C5F2B7B00A1D514 /* LaunchScreen.storyboard */; };
		084B83081C5F2B7B00A1D514 /* Wine_List___Navigation_AccessoryTests.swift in Sources */ = {isa = PBXBuildFile; fileRef = 084B83071C5F2B7B00A1D514 /* Wine_List___Navigation_AccessoryTests.swift */; };
		084B83131C5F2B7B00A1D514 /* Wine_List___Navigation_AccessoryUITests.swift in Sources */ = {isa = PBXBuildFile; fileRef = 084B83121C5F2B7B00A1D514 /* Wine_List___Navigation_AccessoryUITests.swift */; };
		084B83231C5F2B9900A1D514 /* DetailViewController.swift in Sources */ = {isa = PBXBuildFile; fileRef = 084B83201C5F2B9900A1D514 /* DetailViewController.swift */; };
		084B83241C5F2B9900A1D514 /* WineListViewController.swift in Sources */ = {isa = PBXBuildFile; fileRef = 084B83211C5F2B9900A1D514 /* WineListViewController.swift */; };
		084B83251C5F2B9900A1D514 /* Wine.swift in Sources */ = {isa = PBXBuildFile; fileRef = 084B83221C5F2B9900A1D514 /* Wine.swift */; };
/* End PBXBuildFile section */

/* Begin PBXContainerItemProxy section */
		084B83041C5F2B7B00A1D514 /* PBXContainerItemProxy */ = {
			isa = PBXContainerItemProxy;
			containerPortal = 084B82E71C5F2B7B00A1D514 /* Project object */;
			proxyType = 1;
			remoteGlobalIDString = 084B82EE1C5F2B7B00A1D514;
			remoteInfo = "Wine List - Navigation+Accessory";
		};
		084B830F1C5F2B7B00A1D514 /* PBXContainerItemProxy */ = {
			isa = PBXContainerItemProxy;
			containerPortal = 084B82E71C5F2B7B00A1D514 /* Project object */;
			proxyType = 1;
			remoteGlobalIDString = 084B82EE1C5F2B7B00A1D514;
			remoteInfo = "Wine List - Navigation+Accessory";
		};
/* End PBXContainerItemProxy section */

/* Begin PBXFileReference section */
		084B82EF1C5F2B7B00A1D514 /* Wine List - Navigation+Accessory.app */ = {isa = PBXFileReference; explicitFileType = wrapper.application; includeInIndex = 0; path = "Wine List - Navigation+Accessory.app"; sourceTree = BUILT_PRODUCTS_DIR; };
		084B82F21C5F2B7B00A1D514 /* AppDelegate.swift */ = {isa = PBXFileReference; lastKnownFileType = sourcecode.swift; path = AppDelegate.swift; sourceTree = "<group>"; };
		084B82F71C5F2B7B00A1D514 /* Base */ = {isa = PBXFileReference; lastKnownFileType = file.storyboard; name = Base; path = Base.lproj/Main.storyboard; sourceTree = "<group>"; };
		084B82F91C5F2B7B00A1D514 /* Assets.xcassets */ = {isa = PBXFileReference; lastKnownFileType = folder.assetcatalog; path = Assets.xcassets; sourceTree = "<group>"; };
		084B82FC1C5F2B7B00A1D514 /* Base */ = {isa = PBXFileReference; lastKnownFileType = file.storyboard; name = Base; path = Base.lproj/LaunchScreen.storyboard; sourceTree = "<group>"; };
		084B82FE1C5F2B7B00A1D514 /* Info.plist */ = {isa = PBXFileReference; lastKnownFileType = text.plist.xml; path = Info.plist; sourceTree = "<group>"; };
		084B83031C5F2B7B00A1D514 /* Wine List - Navigation+AccessoryTests.xctest */ = {isa = PBXFileReference; explicitFileType = wrapper.cfbundle; includeInIndex = 0; path = "Wine List - Navigation+AccessoryTests.xctest"; sourceTree = BUILT_PRODUCTS_DIR; };
		084B83071C5F2B7B00A1D514 /* Wine_List___Navigation_AccessoryTests.swift */ = {isa = PBXFileReference; lastKnownFileType = sourcecode.swift; path = "Wine_List___Navigation_AccessoryTests.swift"; sourceTree = "<group>"; };
		084B83091C5F2B7B00A1D514 /* Info.plist */ = {isa = PBXFileReference; lastKnownFileType = text.plist.xml; path = Info.plist; sourceTree = "<group>"; };
		084B830E1C5F2B7B00A1D514 /* Wine List - Navigation+AccessoryUITests.xctest */ = {isa = PBXFileReference; explicitFileType = wrapper.cfbundle; includeInIndex = 0; path = "Wine List - Navigation+AccessoryUITests.xctest"; sourceTree = BUILT_PRODUCTS_DIR; };
		084B83121C5F2B7B00A1D514 /* Wine_List___Navigation_AccessoryUITests.swift */ = {isa = PBXFileReference; lastKnownFileType = sourcecode.swift; path = "Wine_List___Navigation_AccessoryUITests.swift"; sourceTree = "<group>"; };
		084B83141C5F2B7B00A1D514 /* Info.plist */ = {isa = PBXFileReference; lastKnownFileType = text.plist.xml; path = Info.plist; sourceTree = "<group>"; };
		084B83201C5F2B9900A1D514 /* DetailViewController.swift */ = {isa = PBXFileReference; fileEncoding = 4; lastKnownFileType = sourcecode.swift; path = DetailViewController.swift; sourceTree = "<group>"; };
		084B83211C5F2B9900A1D514 /* WineListViewController.swift */ = {isa = PBXFileReference; fileEncoding = 4; lastKnownFileType = sourcecode.swift; path = WineListViewController.swift; sourceTree = "<group>"; };
		084B83221C5F2B9900A1D514 /* Wine.swift */ = {isa = PBXFileReference; fileEncoding = 4; lastKnownFileType = sourcecode.swift; path = Wine.swift; sourceTree = "<group>"; };
/* End PBXFileReference section */

/* Begin PBXFrameworksBuildPhase section */
		084B82EC1C5F2B7B00A1D514 /* Frameworks */ = {
			isa = PBXFrameworksBuildPhase;
			buildActionMask = 2147483647;
			files = (
			);
			runOnlyForDeploymentPostprocessing = 0;
		};
		084B83001C5F2B7B00A1D514 /* Frameworks */ = {
			isa = PBXFrameworksBuildPhase;
			buildActionMask = 2147483647;
			files = (
			);
			runOnlyForDeploymentPostprocessing = 0;
		};
		084B830B1C5F2B7B00A1D514 /* Frameworks */ = {
			isa = PBXFrameworksBuildPhase;
			buildActionMask = 2147483647;
			files = (
			);
			runOnlyForDeploymentPostprocessing = 0;
		};
/* End PBXFrameworksBuildPhase section */

/* Begin PBXGroup section */
		084B82E61C5F2B7B00A1D514 = {
			isa = PBXGroup;
			children = (
				084B82F11C5F2B7B00A1D514 /* Wine List - Navigation+Accessory */,
				084B83061C5F2B7B00A1D514 /* Wine List - Navigation+AccessoryTests */,
				084B83111C5F2B7B00A1D514 /* Wine List - Navigation+AccessoryUITests */,
				084B82F01C5F2B7B00A1D514 /* Products */,
			);
			sourceTree = "<group>";
		};
		084B82F01C5F2B7B00A1D514 /* Products */ = {
			isa = PBXGroup;
			children = (
				084B82EF1C5F2B7B00A1D514 /* Wine List - Navigation+Accessory.app */,
				084B83031C5F2B7B00A1D514 /* Wine List - Navigation+AccessoryTests.xctest */,
				084B830E1C5F2B7B00A1D514 /* Wine List - Navigation+AccessoryUITests.xctest */,
			);
			name = Products;
			sourceTree = "<group>";
		};
		084B82F11C5F2B7B00A1D514 /* Wine List - Navigation+Accessory */ = {
			isa = PBXGroup;
			children = (
				084B82F21C5F2B7B00A1D514 /* AppDelegate.swift */,
				084B83201C5F2B9900A1D514 /* DetailViewController.swift */,
				084B83211C5F2B9900A1D514 /* WineListViewController.swift */,
				084B83221C5F2B9900A1D514 /* Wine.swift */,
				084B82F61C5F2B7B00A1D514 /* Main.storyboard */,
				084B82F91C5F2B7B00A1D514 /* Assets.xcassets */,
				084B82FB1C5F2B7B00A1D514 /* LaunchScreen.storyboard */,
				084B82FE1C5F2B7B00A1D514 /* Info.plist */,
			);
			path = "Wine List - Navigation+Accessory";
			sourceTree = "<group>";
		};
		084B83061C5F2B7B00A1D514 /* Wine List - Navigation+AccessoryTests */ = {
			isa = PBXGroup;
			children = (
				084B83071C5F2B7B00A1D514 /* Wine_List___Navigation_AccessoryTests.swift */,
				084B83091C5F2B7B00A1D514 /* Info.plist */,
			);
			path = "Wine List - Navigation+AccessoryTests";
			sourceTree = "<group>";
		};
		084B83111C5F2B7B00A1D514 /* Wine List - Navigation+AccessoryUITests */ = {
			isa = PBXGroup;
			children = (
				084B83121C5F2B7B00A1D514 /* Wine_List___Navigation_AccessoryUITests.swift */,
				084B83141C5F2B7B00A1D514 /* Info.plist */,
			);
			path = "Wine List - Navigation+AccessoryUITests";
			sourceTree = "<group>";
		};
/* End PBXGroup section */

/* Begin PBXNativeTarget section */
		084B82EE1C5F2B7B00A1D514 /* Wine List - Navigation+Accessory */ = {
			isa = PBXNativeTarget;
			buildConfigurationList = 084B83171C5F2B7B00A1D514 /* Build configuration list for PBXNativeTarget "Wine List - Navigation+Accessory" */;
			buildPhases = (
				084B82EB1C5F2B7B00A1D514 /* Sources */,
				084B82EC1C5F2B7B00A1D514 /* Frameworks */,
				084B82ED1C5F2B7B00A1D514 /* Resources */,
			);
			buildRules = (
			);
			dependencies = (
			);
			name = "Wine List - Navigation+Accessory";
			productName = "Wine List - Navigation+Accessory";
			productReference = 084B82EF1C5F2B7B00A1D514 /* Wine List - Navigation+Accessory.app */;
			productType = "com.apple.product-type.application";
		};
		084B83021C5F2B7B00A1D514 /* Wine List - Navigation+AccessoryTests */ = {
			isa = PBXNativeTarget;
			buildConfigurationList = 084B831A1C5F2B7B00A1D514 /* Build configuration list for PBXNativeTarget "Wine List - Navigation+AccessoryTests" */;
			buildPhases = (
				084B82FF1C5F2B7B00A1D514 /* Sources */,
				084B83001C5F2B7B00A1D514 /* Frameworks */,
				084B83011C5F2B7B00A1D514 /* Resources */,
			);
			buildRules = (
			);
			dependencies = (
				084B83051C5F2B7B00A1D514 /* PBXTargetDependency */,
			);
			name = "Wine List - Navigation+AccessoryTests";
			productName = "Wine List - Navigation+AccessoryTests";
			productReference = 084B83031C5F2B7B00A1D514 /* Wine List - Navigation+AccessoryTests.xctest */;
			productType = "com.apple.product-type.bundle.unit-test";
		};
		084B830D1C5F2B7B00A1D514 /* Wine List - Navigation+AccessoryUITests */ = {
			isa = PBXNativeTarget;
			buildConfigurationList = 084B831D1C5F2B7B00A1D514 /* Build configuration list for PBXNativeTarget "Wine List - Navigation+AccessoryUITests" */;
			buildPhases = (
				084B830A1C5F2B7B00A1D514 /* Sources */,
				084B830B1C5F2B7B00A1D514 /* Frameworks */,
				084B830C1C5F2B7B00A1D514 /* Resources */,
			);
			buildRules = (
			);
			dependencies = (
				084B83101C5F2B7B00A1D514 /* PBXTargetDependency */,
			);
			name = "Wine List - Navigation+AccessoryUITests";
			productName = "Wine List - Navigation+AccessoryUITests";
			productReference = 084B830E1C5F2B7B00A1D514 /* Wine List - Navigation+AccessoryUITests.xctest */;
			productType = "com.apple.product-type.bundle.ui-testing";
		};
/* End PBXNativeTarget section */

/* Begin PBXProject section */
		084B82E71C5F2B7B00A1D514 /* Project object */ = {
			isa = PBXProject;
			attributes = {
				LastSwiftUpdateCheck = 0720;
				LastUpgradeCheck = 0720;
				ORGANIZATIONNAME = "DePaul University";
				TargetAttributes = {
					084B82EE1C5F2B7B00A1D514 = {
						CreatedOnToolsVersion = 7.2;
					};
					084B83021C5F2B7B00A1D514 = {
						CreatedOnToolsVersion = 7.2;
						TestTargetID = 084B82EE1C5F2B7B00A1D514;
					};
					084B830D1C5F2B7B00A1D514 = {
						CreatedOnToolsVersion = 7.2;
						TestTargetID = 084B82EE1C5F2B7B00A1D514;
					};
				};
			};
			buildConfigurationList = 084B82EA1C5F2B7B00A1D514 /* Build configuration list for PBXProject "Wine List - Navigation+Accessory" */;
			compatibilityVersion = "Xcode 3.2";
			developmentRegion = English;
			hasScannedForEncodings = 0;
			knownRegions = (
				en,
				Base,
			);
			mainGroup = 084B82E61C5F2B7B00A1D514;
			productRefGroup = 084B82F01C5F2B7B00A1D514 /* Products */;
			projectDirPath = "";
			projectRoot = "";
			targets = (
				084B82EE1C5F2B7B00A1D514 /* Wine List - Navigation+Accessory */,
				084B83021C5F2B7B00A1D514 /* Wine List - Navigation+AccessoryTests */,
				084B830D1C5F2B7B00A1D514 /* Wine List - Navigation+AccessoryUITests */,
			);
		};
/* End PBXProject section */

/* Begin PBXResourcesBuildPhase section */
		084B82ED1C5F2B7B00A1D514 /* Resources */ = {
			isa = PBXResourcesBuildPhase;
			buildActionMask = 2147483647;
			files = (
				084B82FD1C5F2B7B00A1D514 /* LaunchScreen.storyboard in Resources */,
				084B82FA1C5F2B7B00A1D514 /* Assets.xcassets in Resources */,
				084B82F81C5F2B7B00A1D514 /* Main.storyboard in Resources */,
			);
			runOnlyForDeploymentPostprocessing = 0;
		};
		084B83011C5F2B7B00A1D514 /* Resources */ = {
			isa = PBXResourcesBuildPhase;
			buildActionMask = 2147483647;
			files = (
			);
			runOnlyForDeploymentPostprocessing = 0;
		};
		084B830C1C5F2B7B00A1D514 /* Resources */ = {
			isa = PBXResourcesBuildPhase;
			buildActionMask = 2147483647;
			files = (
			);
			runOnlyForDeploymentPostprocessing = 0;
		};
/* End PBXResourcesBuildPhase section */

/* Begin PBXSourcesBuildPhase section */
		084B82EB1C5F2B7B00A1D514 /* Sources */ = {
			isa = PBXSourcesBuildPhase;
			buildActionMask = 2147483647;
			files = (
				084B83231C5F2B9900A1D514 /* DetailViewController.swift in Sources */,
				084B83251C5F2B9900A1D514 /* Wine.swift in Sources */,
				084B83241C5F2B9900A1D514 /* WineListViewController.swift in Sources */,
				084B82F31C5F2B7B00A1D514 /* AppDelegate.swift in Sources */,
			);
			runOnlyForDeploymentPostprocessing = 0;
		};
		084B82FF1C5F2B7B00A1D514 /* Sources */ = {
			isa = PBXSourcesBuildPhase;
			buildActionMask = 2147483647;
			files = (
				084B83081C5F2B7B00A1D514 /* Wine_List___Navigation_AccessoryTests.swift in Sources */,
			);
			runOnlyForDeploymentPostprocessing = 0;
		};
		084B830A1C5F2B7B00A1D514 /* Sources */ = {
			isa = PBXSourcesBuildPhase;
			buildActionMask = 2147483647;
			files = (
				084B83131C5F2B7B00A1D514 /* Wine_List___Navigation_AccessoryUITests.swift in Sources */,
			);
			runOnlyForDeploymentPostprocessing = 0;
		};
/* End PBXSourcesBuildPhase section */

/* Begin PBXTargetDependency section */
		084B83051C5F2B7B00A1D514 /* PBXTargetDependency */ = {
			isa = PBXTargetDependency;
			target = 084B82EE1C5F2B7B00A1D514 /* Wine List - Navigation+Accessory */;
			targetProxy = 084B83041C5F2B7B00A1D514 /* PBXContainerItemProxy */;
		};
		084B83101C5F2B7B00A1D514 /* PBXTargetDependency */ = {
			isa = PBXTargetDependency;
			target = 084B82EE1C5F2B7B00A1D514 /* Wine List - Navigation+Accessory */;
			targetProxy = 084B830F1C5F2B7B00A1D514 /* PBXContainerItemProxy */;
		};
/* End PBXTargetDependency section */

/* Begin PBXVariantGroup section */
		084B82F61C5F2B7B00A1D514 /* Main.storyboard */ = {
			isa = PBXVariantGroup;
			children = (
				084B82F71C5F2B7B00A1D514 /* Base */,
			);
			name = Main.storyboard;
			sourceTree = "<group>";
		};
		084B82FB1C5F2B7B00A1D514 /* LaunchScreen.storyboard */ = {
			isa = PBXVariantGroup;
			children = (
				084B82FC1C5F2B7B00A1D514 /* Base */,
			);
			name = LaunchScreen.storyboard;
			sourceTree = "<group>";
		};
/* End PBXVariantGroup section */

/* Begin XCBuildConfiguration section */
		084B83151C5F2B7B00A1D514 /* Debug */ = {
			isa = XCBuildConfiguration;
			buildSettings = {
				ALWAYS_SEARCH_USER_PATHS = NO;
				CLANG_CXX_LANGUAGE_STANDARD = "gnu++0x";
				CLANG_CXX_LIBRARY = "libc++";
				CLANG_ENABLE_MODULES = YES;
				CLANG_ENABLE_OBJC_ARC = YES;
				CLANG_WARN_BOOL_CONVERSION = YES;
				CLANG_WARN_CONSTANT_CONVERSION = YES;
				CLANG_WARN_DIRECT_OBJC_ISA_USAGE = YES_ERROR;
				CLANG_WARN_EMPTY_BODY = YES;
				CLANG_WARN_ENUM_CONVERSION = YES;
				CLANG_WARN_INT_CONVERSION = YES;
				CLANG_WARN_OBJC_ROOT_CLASS = YES_ERROR;
				CLANG_WARN_UNREACHABLE_CODE = YES;
				CLANG_WARN__DUPLICATE_METHOD_MATCH = YES;
				"CODE_SIGN_IDENTITY[sdk=iphoneos*]" = "iPhone Developer";
				COPY_PHASE_STRIP = NO;
				DEBUG_INFORMATION_FORMAT = dwarf;
				ENABLE_STRICT_OBJC_MSGSEND = YES;
				ENABLE_TESTABILITY = YES;
				GCC_C_LANGUAGE_STANDARD = gnu99;
				GCC_DYNAMIC_NO_PIC = NO;
				GCC_NO_COMMON_BLOCKS = YES;
				GCC_OPTIMIZATION_LEVEL = 0;
				GCC_PREPROCESSOR_DEFINITIONS = (
					"DEBUG=1",
					"$(inherited)",
				);
				GCC_WARN_64_TO_32_BIT_CONVERSION = YES;
				GCC_WARN_ABOUT_RETURN_TYPE = YES_ERROR;
				GCC_WARN_UNDECLARED_SELECTOR = YES;
				GCC_WARN_UNINITIALIZED_AUTOS = YES_AGGRESSIVE;
				GCC_WARN_UNUSED_FUNCTION = YES;
				GCC_WARN_UNUSED_VARIABLE = YES;
				IPHONEOS_DEPLOYMENT_TARGET = 9.2;
				MTL_ENABLE_DEBUG_INFO = YES;
				ONLY_ACTIVE_ARCH = YES;
				SDKROOT = iphoneos;
				SWIFT_OPTIMIZATION_LEVEL = "-Onone";
			};
			name = Debug;
		};
		084B83161C5F2B7B00A1D514 /* Release */ = {
			isa = XCBuildConfiguration;
			buildSettings = {
				ALWAYS_SEARCH_USER_PATHS = NO;
				CLANG_CXX_LANGUAGE_STANDARD = "gnu++0x";
				CLANG_CXX_LIBRARY = "libc++";
				CLANG_ENABLE_MODULES = YES;
				CLANG_ENABLE_OBJC_ARC = YES;
				CLANG_WARN_BOOL_CONVERSION = YES;
				CLANG_WARN_CONSTANT_CONVERSION = YES;
				CLANG_WARN_DIRECT_OBJC_ISA_USAGE = YES_ERROR;
				CLANG_WARN_EMPTY_BODY = YES;
				CLANG_WARN_ENUM_CONVERSION = YES;
				CLANG_WARN_INT_CONVERSION = YES;
				CLANG_WARN_OBJC_ROOT_CLASS = YES_ERROR;
				CLANG_WARN_UNREACHABLE_CODE = YES;
				CLANG_WARN__DUPLICATE_METHOD_MATCH = YES;
				"CODE_SIGN_IDENTITY[sdk=iphoneos*]" = "iPhone Developer";
				COPY_PHASE_STRIP = NO;
				DEBUG_INFORMATION_FORMAT = "dwarf-with-dsym";
				ENABLE_NS_ASSERTIONS = NO;
				ENABLE_STRICT_OBJC_MSGSEND = YES;
				GCC_C_LANGUAGE_STANDARD = gnu99;
				GCC_NO_COMMON_BLOCKS = YES;
				GCC_WARN_64_TO_32_BIT_CONVERSION = YES;
				GCC_WARN_ABOUT_RETURN_TYPE = YES_ERROR;
				GCC_WARN_UNDECLARED_SELECTOR = YES;
				GCC_WARN_UNINITIALIZED_AUTOS = YES_AGGRESSIVE;
				GCC_WARN_UNUSED_FUNCTION = YES;
				GCC_WARN_UNUSED_VARIABLE = YES;
				IPHONEOS_DEPLOYMENT_TARGET = 9.2;
				MTL_ENABLE_DEBUG_INFO = NO;
				SDKROOT = iphoneos;
				VALIDATE_PRODUCT = YES;
			};
			name = Release;
		};
		084B83181C5F2B7B00A1D514 /* Debug */ = {
			isa = XCBuildConfiguration;
			buildSettings = {
				ASSETCATALOG_COMPILER_APPICON_NAME = AppIcon;
				INFOPLIST_FILE = "Wine List - Navigation+Accessory/Info.plist";
				LD_RUNPATH_SEARCH_PATHS = "$(inherited) @executable_path/Frameworks";
				PRODUCT_BUNDLE_IDENTIFIER = "edu.depaul.csc471.Wine-List---Navigation-Accessory";
				PRODUCT_NAME = "$(TARGET_NAME)";
			};
			name = Debug;
		};
		084B83191C5F2B7B00A1D514 /* Release */ = {
			isa = XCBuildConfiguration;
			buildSettings = {
				ASSETCATALOG_COMPILER_APPICON_NAME = AppIcon;
				INFOPLIST_FILE = "Wine List - Navigation+Accessory/Info.plist";
				LD_RUNPATH_SEARCH_PATHS = "$(inherited) @executable_path/Frameworks";
				PRODUCT_BUNDLE_IDENTIFIER = "edu.depaul.csc471.Wine-List---Navigation-Accessory";
				PRODUCT_NAME = "$(TARGET_NAME)";
			};
			name = Release;
		};
		084B831B1C5F2B7B00A1D514 /* Debug */ = {
			isa = XCBuildConfiguration;
			buildSettings = {
				BUNDLE_LOADER = "$(TEST_HOST)";
				INFOPLIST_FILE = "Wine List - Navigation+AccessoryTests/Info.plist";
				LD_RUNPATH_SEARCH_PATHS = "$(inherited) @executable_path/Frameworks @loader_path/Frameworks";
				PRODUCT_BUNDLE_IDENTIFIER = "edu.depaul.csc471.Wine-List---Navigation-AccessoryTests";
				PRODUCT_NAME = "$(TARGET_NAME)";
				TEST_HOST = "$(BUILT_PRODUCTS_DIR)/Wine List - Navigation+Accessory.app/Wine List - Navigation+Accessory";
			};
			name = Debug;
		};
		084B831C1C5F2B7B00A1D514 /* Release */ = {
			isa = XCBuildConfiguration;
			buildSettings = {
				BUNDLE_LOADER = "$(TEST_HOST)";
				INFOPLIST_FILE = "Wine List - Navigation+AccessoryTests/Info.plist";
				LD_RUNPATH_SEARCH_PATHS = "$(inherited) @executable_path/Frameworks @loader_path/Frameworks";
				PRODUCT_BUNDLE_IDENTIFIER = "edu.depaul.csc471.Wine-List---Navigation-AccessoryTests";
				PRODUCT_NAME = "$(TARGET_NAME)";
				TEST_HOST = "$(BUILT_PRODUCTS_DIR)/Wine List - Navigation+Accessory.app/Wine List - Navigation+Accessory";
			};
			name = Release;
		};
		084B831E1C5F2B7B00A1D514 /* Debug */ = {
			isa = XCBuildConfiguration;
			buildSettings = {
				INFOPLIST_FILE = "Wine List - Navigation+AccessoryUITests/Info.plist";
				LD_RUNPATH_SEARCH_PATHS = "$(inherited) @executable_path/Frameworks @loader_path/Frameworks";
				PRODUCT_BUNDLE_IDENTIFIER = "edu.depaul.csc471.Wine-List---Navigation-AccessoryUITests";
				PRODUCT_NAME = "$(TARGET_NAME)";
				TEST_TARGET_NAME = "Wine List - Navigation+Accessory";
				USES_XCTRUNNER = YES;
			};
			name = Debug;
		};
		084B831F1C5F2B7B00A1D514 /* Release */ = {
			isa = XCBuildConfiguration;
			buildSettings = {
				INFOPLIST_FILE = "Wine List - Navigation+AccessoryUITests/Info.plist";
				LD_RUNPATH_SEARCH_PATHS = "$(inherited) @executable_path/Frameworks @loader_path/Frameworks";
				PRODUCT_BUNDLE_IDENTIFIER = "edu.depaul.csc471.Wine-List---Navigation-AccessoryUITests";
				PRODUCT_NAME = "$(TARGET_NAME)";
				TEST_TARGET_NAME = "Wine List - Navigation+Accessory";
				USES_XCTRUNNER = YES;
			};
			name = Release;
		};
/* End XCBuildConfiguration section */

/* Begin XCConfigurationList section */
		084B82EA1C5F2B7B00A1D514 /* Build configuration list for PBXProject "Wine List - Navigation+Accessory" */ = {
			isa = XCConfigurationList;
			buildConfigurations = (
				084B83151C5F2B7B00A1D514 /* Debug */,
				084B83161C5F2B7B00A1D514 /* Release */,
			);
			defaultConfigurationIsVisible = 0;
			defaultConfigurationName = Release;
		};
		084B83171C5F2B7B00A1D514 /* Build configuration list for PBXNativeTarget "Wine List - Navigation+Accessory" */ = {
			isa = XCConfigurationList;
			buildConfigurations = (
				084B83181C5F2B7B00A1D514 /* Debug */,
				084B83191C5F2B7B00A1D514 /* Release */,
			);
			defaultConfigurationIsVisible = 0;
		};
		084B831A1C5F2B7B00A1D514 /* Build configuration list for PBXNativeTarget "Wine List - Navigation+AccessoryTests" */ = {
			isa = XCConfigurationList;
			buildConfigurations = (
				084B831B1C5F2B7B00A1D514 /* Debug */,
				084B831C1C5F2B7B00A1D514 /* Release */,
			);
			defaultConfigurationIsVisible = 0;
		};
		084B831D1C5F2B7B00A1D514 /* Build configuration list for PBXNativeTarget "Wine List - Navigation+AccessoryUITests" */ = {
			isa = XCConfigurationList;
			buildConfigurations = (
				084B831E1C5F2B7B00A1D514 /* Debug */,
				084B831F1C5F2B7B00A1D514 /* Release */,
			);
			defaultConfigurationIsVisible = 0;
		};
/* End XCConfigurationList section */
	};
	rootObject = 084B82E71C5F2B7B00A1D514 /* Project object */;
}
