// !$*UTF8*$!
{
	archiveVersion = 1;
	classes = {
	};
	objectVersion = 46;
	objects = {

/* Begin PBXBuildFile section */
		08BBA4DE1C7B7BA6000D25CE /* AppDelegate.swift in Sources */ = {isa = PBXBuildFile; fileRef = 08BBA4DD1C7B7BA6000D25CE /* AppDelegate.swift */; };
		08BBA4E01C7B7BA6000D25CE /* ViewController.swift in Sources */ = {isa = PBXBuildFile; fileRef = 08BBA4DF1C7B7BA6000D25CE /* ViewController.swift */; };
		08BBA4E31C7B7BA6000D25CE /* Main.storyboard in Resources */ = {isa = PBXBuildFile; fileRef = 08BBA4E11C7B7BA6000D25CE /* Main.storyboard */; };
		08BBA4E51C7B7BA6000D25CE /* Assets.xcassets in Resources */ = {isa = PBXBuildFile; fileRef = 08BBA4E41C7B7BA6000D25CE /* Assets.xcassets */; };
		08BBA4E81C7B7BA6000D25CE /* LaunchScreen.storyboard in Resources */ = {isa = PBXBuildFile; fileRef = 08BBA4E61C7B7BA6000D25CE /* LaunchScreen.storyboard */; };
		08BBA4F31C7B7BA6000D25CE /* Gesture_RecognizersTests.swift in Sources */ = {isa = PBXBuildFile; fileRef = 08BBA4F21C7B7BA6000D25CE /* Gesture_RecognizersTests.swift */; };
		08BBA4FE1C7B7BA6000D25CE /* Gesture_RecognizersUITests.swift in Sources */ = {isa = PBXBuildFile; fileRef = 08BBA4FD1C7B7BA6000D25CE /* Gesture_RecognizersUITests.swift */; };
/* End PBXBuildFile section */

/* Begin PBXContainerItemProxy section */
		08BBA4EF1C7B7BA6000D25CE /* PBXContainerItemProxy */ = {
			isa = PBXContainerItemProxy;
			containerPortal = 08BBA4D21C7B7BA6000D25CE /* Project object */;
			proxyType = 1;
			remoteGlobalIDString = 08BBA4D91C7B7BA6000D25CE;
			remoteInfo = "Gesture Recognizers";
		};
		08BBA4FA1C7B7BA6000D25CE /* PBXContainerItemProxy */ = {
			isa = PBXContainerItemProxy;
			containerPortal = 08BBA4D21C7B7BA6000D25CE /* Project object */;
			proxyType = 1;
			remoteGlobalIDString = 08BBA4D91C7B7BA6000D25CE;
			remoteInfo = "Gesture Recognizers";
		};
/* End PBXContainerItemProxy section */

/* Begin PBXFileReference section */
		08BBA4DA1C7B7BA6000D25CE /* Gesture Recognizers.app */ = {isa = PBXFileReference; explicitFileType = wrapper.application; includeInIndex = 0; path = "Gesture Recognizers.app"; sourceTree = BUILT_PRODUCTS_DIR; };
		08BBA4DD1C7B7BA6000D25CE /* AppDelegate.swift */ = {isa = PBXFileReference; lastKnownFileType = sourcecode.swift; path = AppDelegate.swift; sourceTree = "<group>"; };
		08BBA4DF1C7B7BA6000D25CE /* ViewController.swift */ = {isa = PBXFileReference; lastKnownFileType = sourcecode.swift; path = ViewController.swift; sourceTree = "<group>"; };
		08BBA4E21C7B7BA6000D25CE /* Base */ = {isa = PBXFileReference; lastKnownFileType = file.storyboard; name = Base; path = Base.lproj/Main.storyboard; sourceTree = "<group>"; };
		08BBA4E41C7B7BA6000D25CE /* Assets.xcassets */ = {isa = PBXFileReference; lastKnownFileType = folder.assetcatalog; path = Assets.xcassets; sourceTree = "<group>"; };
		08BBA4E71C7B7BA6000D25CE /* Base */ = {isa = PBXFileReference; lastKnownFileType = file.storyboard; name = Base; path = Base.lproj/LaunchScreen.storyboard; sourceTree = "<group>"; };
		08BBA4E91C7B7BA6000D25CE /* Info.plist */ = {isa = PBXFileReference; lastKnownFileType = text.plist.xml; path = Info.plist; sourceTree = "<group>"; };
		08BBA4EE1C7B7BA6000D25CE /* Gesture RecognizersTests.xctest */ = {isa = PBXFileReference; explicitFileType = wrapper.cfbundle; includeInIndex = 0; path = "Gesture RecognizersTests.xctest"; sourceTree = BUILT_PRODUCTS_DIR; };
		08BBA4F21C7B7BA6000D25CE /* Gesture_RecognizersTests.swift */ = {isa = PBXFileReference; lastKnownFileType = sourcecode.swift; path = Gesture_RecognizersTests.swift; sourceTree = "<group>"; };
		08BBA4F41C7B7BA6000D25CE /* Info.plist */ = {isa = PBXFileReference; lastKnownFileType = text.plist.xml; path = Info.plist; sourceTree = "<group>"; };
		08BBA4F91C7B7BA6000D25CE /* Gesture RecognizersUITests.xctest */ = {isa = PBXFileReference; explicitFileType = wrapper.cfbundle; includeInIndex = 0; path = "Gesture RecognizersUITests.xctest"; sourceTree = BUILT_PRODUCTS_DIR; };
		08BBA4FD1C7B7BA6000D25CE /* Gesture_RecognizersUITests.swift */ = {isa = PBXFileReference; lastKnownFileType = sourcecode.swift; path = Gesture_RecognizersUITests.swift; sourceTree = "<group>"; };
		08BBA4FF1C7B7BA6000D25CE /* Info.plist */ = {isa = PBXFileReference; lastKnownFileType = text.plist.xml; path = Info.plist; sourceTree = "<group>"; };
/* End PBXFileReference section */

/* Begin PBXFrameworksBuildPhase section */
		08BBA4D71C7B7BA6000D25CE /* Frameworks */ = {
			isa = PBXFrameworksBuildPhase;
			buildActionMask = 2147483647;
			files = (
			);
			runOnlyForDeploymentPostprocessing = 0;
		};
		08BBA4EB1C7B7BA6000D25CE /* Frameworks */ = {
			isa = PBXFrameworksBuildPhase;
			buildActionMask = 2147483647;
			files = (
			);
			runOnlyForDeploymentPostprocessing = 0;
		};
		08BBA4F61C7B7BA6000D25CE /* Frameworks */ = {
			isa = PBXFrameworksBuildPhase;
			buildActionMask = 2147483647;
			files = (
			);
			runOnlyForDeploymentPostprocessing = 0;
		};
/* End PBXFrameworksBuildPhase section */

/* Begin PBXGroup section */
		08BBA4D11C7B7BA6000D25CE = {
			isa = PBXGroup;
			children = (
				08BBA4DC1C7B7BA6000D25CE /* Gesture Recognizers */,
				08BBA4F11C7B7BA6000D25CE /* Gesture RecognizersTests */,
				08BBA4FC1C7B7BA6000D25CE /* Gesture RecognizersUITests */,
				08BBA4DB1C7B7BA6000D25CE /* Products */,
			);
			sourceTree = "<group>";
		};
		08BBA4DB1C7B7BA6000D25CE /* Products */ = {
			isa = PBXGroup;
			children = (
				08BBA4DA1C7B7BA6000D25CE /* Gesture Recognizers.app */,
				08BBA4EE1C7B7BA6000D25CE /* Gesture RecognizersTests.xctest */,
				08BBA4F91C7B7BA6000D25CE /* Gesture RecognizersUITests.xctest */,
			);
			name = Products;
			sourceTree = "<group>";
		};
		08BBA4DC1C7B7BA6000D25CE /* Gesture Recognizers */ = {
			isa = PBXGroup;
			children = (
				08BBA4DD1C7B7BA6000D25CE /* AppDelegate.swift */,
				08BBA4DF1C7B7BA6000D25CE /* ViewController.swift */,
				08BBA4E11C7B7BA6000D25CE /* Main.storyboard */,
				08BBA4E41C7B7BA6000D25CE /* Assets.xcassets */,
				08BBA4E61C7B7BA6000D25CE /* LaunchScreen.storyboard */,
				08BBA4E91C7B7BA6000D25CE /* Info.plist */,
			);
			path = "Gesture Recognizers";
			sourceTree = "<group>";
		};
		08BBA4F11C7B7BA6000D25CE /* Gesture RecognizersTests */ = {
			isa = PBXGroup;
			children = (
				08BBA4F21C7B7BA6000D25CE /* Gesture_RecognizersTests.swift */,
				08BBA4F41C7B7BA6000D25CE /* Info.plist */,
			);
			path = "Gesture RecognizersTests";
			sourceTree = "<group>";
		};
		08BBA4FC1C7B7BA6000D25CE /* Gesture RecognizersUITests */ = {
			isa = PBXGroup;
			children = (
				08BBA4FD1C7B7BA6000D25CE /* Gesture_RecognizersUITests.swift */,
				08BBA4FF1C7B7BA6000D25CE /* Info.plist */,
			);
			path = "Gesture RecognizersUITests";
			sourceTree = "<group>";
		};
/* End PBXGroup section */

/* Begin PBXNativeTarget section */
		08BBA4D91C7B7BA6000D25CE /* Gesture Recognizers */ = {
			isa = PBXNativeTarget;
			buildConfigurationList = 08BBA5021C7B7BA6000D25CE /* Build configuration list for PBXNativeTarget "Gesture Recognizers" */;
			buildPhases = (
				08BBA4D61C7B7BA6000D25CE /* Sources */,
				08BBA4D71C7B7BA6000D25CE /* Frameworks */,
				08BBA4D81C7B7BA6000D25CE /* Resources */,
			);
			buildRules = (
			);
			dependencies = (
			);
			name = "Gesture Recognizers";
			productName = "Gesture Recognizers";
			productReference = 08BBA4DA1C7B7BA6000D25CE /* Gesture Recognizers.app */;
			productType = "com.apple.product-type.application";
		};
		08BBA4ED1C7B7BA6000D25CE /* Gesture RecognizersTests */ = {
			isa = PBXNativeTarget;
			buildConfigurationList = 08BBA5051C7B7BA6000D25CE /* Build configuration list for PBXNativeTarget "Gesture RecognizersTests" */;
			buildPhases = (
				08BBA4EA1C7B7BA6000D25CE /* Sources */,
				08BBA4EB1C7B7BA6000D25CE /* Frameworks */,
				08BBA4EC1C7B7BA6000D25CE /* Resources */,
			);
			buildRules = (
			);
			dependencies = (
				08BBA4F01C7B7BA6000D25CE /* PBXTargetDependency */,
			);
			name = "Gesture RecognizersTests";
			productName = "Gesture RecognizersTests";
			productReference = 08BBA4EE1C7B7BA6000D25CE /* Gesture RecognizersTests.xctest */;
			productType = "com.apple.product-type.bundle.unit-test";
		};
		08BBA4F81C7B7BA6000D25CE /* Gesture RecognizersUITests */ = {
			isa = PBXNativeTarget;
			buildConfigurationList = 08BBA5081C7B7BA6000D25CE /* Build configuration list for PBXNativeTarget "Gesture RecognizersUITests" */;
			buildPhases = (
				08BBA4F51C7B7BA6000D25CE /* Sources */,
				08BBA4F61C7B7BA6000D25CE /* Frameworks */,
				08BBA4F71C7B7BA6000D25CE /* Resources */,
			);
			buildRules = (
			);
			dependencies = (
				08BBA4FB1C7B7BA6000D25CE /* PBXTargetDependency */,
			);
			name = "Gesture RecognizersUITests";
			productName = "Gesture RecognizersUITests";
			productReference = 08BBA4F91C7B7BA6000D25CE /* Gesture RecognizersUITests.xctest */;
			productType = "com.apple.product-type.bundle.ui-testing";
		};
/* End PBXNativeTarget section */

/* Begin PBXProject section */
		08BBA4D21C7B7BA6000D25CE /* Project object */ = {
			isa = PBXProject;
			attributes = {
				LastSwiftUpdateCheck = 0720;
				LastUpgradeCheck = 0720;
				ORGANIZATIONNAME = "DePaul University";
				TargetAttributes = {
					08BBA4D91C7B7BA6000D25CE = {
						CreatedOnToolsVersion = 7.2;
					};
					08BBA4ED1C7B7BA6000D25CE = {
						CreatedOnToolsVersion = 7.2;
						TestTargetID = 08BBA4D91C7B7BA6000D25CE;
					};
					08BBA4F81C7B7BA6000D25CE = {
						CreatedOnToolsVersion = 7.2;
						TestTargetID = 08BBA4D91C7B7BA6000D25CE;
					};
				};
			};
			buildConfigurationList = 08BBA4D51C7B7BA6000D25CE /* Build configuration list for PBXProject "Gesture Recognizers" */;
			compatibilityVersion = "Xcode 3.2";
			developmentRegion = English;
			hasScannedForEncodings = 0;
			knownRegions = (
				en,
				Base,
			);
			mainGroup = 08BBA4D11C7B7BA6000D25CE;
			productRefGroup = 08BBA4DB1C7B7BA6000D25CE /* Products */;
			projectDirPath = "";
			projectRoot = "";
			targets = (
				08BBA4D91C7B7BA6000D25CE /* Gesture Recognizers */,
				08BBA4ED1C7B7BA6000D25CE /* Gesture RecognizersTests */,
				08BBA4F81C7B7BA6000D25CE /* Gesture RecognizersUITests */,
			);
		};
/* End PBXProject section */

/* Begin PBXResourcesBuildPhase section */
		08BBA4D81C7B7BA6000D25CE /* Resources */ = {
			isa = PBXResourcesBuildPhase;
			buildActionMask = 2147483647;
			files = (
				08BBA4E81C7B7BA6000D25CE /* LaunchScreen.storyboard in Resources */,
				08BBA4E51C7B7BA6000D25CE /* Assets.xcassets in Resources */,
				08BBA4E31C7B7BA6000D25CE /* Main.storyboard in Resources */,
			);
			runOnlyForDeploymentPostprocessing = 0;
		};
		08BBA4EC1C7B7BA6000D25CE /* Resources */ = {
			isa = PBXResourcesBuildPhase;
			buildActionMask = 2147483647;
			files = (
			);
			runOnlyForDeploymentPostprocessing = 0;
		};
		08BBA4F71C7B7BA6000D25CE /* Resources */ = {
			isa = PBXResourcesBuildPhase;
			buildActionMask = 2147483647;
			files = (
			);
			runOnlyForDeploymentPostprocessing = 0;
		};
/* End PBXResourcesBuildPhase section */

/* Begin PBXSourcesBuildPhase section */
		08BBA4D61C7B7BA6000D25CE /* Sources */ = {
			isa = PBXSourcesBuildPhase;
			buildActionMask = 2147483647;
			files = (
				08BBA4E01C7B7BA6000D25CE /* ViewController.swift in Sources */,
				08BBA4DE1C7B7BA6000D25CE /* AppDelegate.swift in Sources */,
			);
			runOnlyForDeploymentPostprocessing = 0;
		};
		08BBA4EA1C7B7BA6000D25CE /* Sources */ = {
			isa = PBXSourcesBuildPhase;
			buildActionMask = 2147483647;
			files = (
				08BBA4F31C7B7BA6000D25CE /* Gesture_RecognizersTests.swift in Sources */,
			);
			runOnlyForDeploymentPostprocessing = 0;
		};
		08BBA4F51C7B7BA6000D25CE /* Sources */ = {
			isa = PBXSourcesBuildPhase;
			buildActionMask = 2147483647;
			files = (
				08BBA4FE1C7B7BA6000D25CE /* Gesture_RecognizersUITests.swift in Sources */,
			);
			runOnlyForDeploymentPostprocessing = 0;
		};
/* End PBXSourcesBuildPhase section */

/* Begin PBXTargetDependency section */
		08BBA4F01C7B7BA6000D25CE /* PBXTargetDependency */ = {
			isa = PBXTargetDependency;
			target = 08BBA4D91C7B7BA6000D25CE /* Gesture Recognizers */;
			targetProxy = 08BBA4EF1C7B7BA6000D25CE /* PBXContainerItemProxy */;
		};
		08BBA4FB1C7B7BA6000D25CE /* PBXTargetDependency */ = {
			isa = PBXTargetDependency;
			target = 08BBA4D91C7B7BA6000D25CE /* Gesture Recognizers */;
			targetProxy = 08BBA4FA1C7B7BA6000D25CE /* PBXContainerItemProxy */;
		};
/* End PBXTargetDependency section */

/* Begin PBXVariantGroup section */
		08BBA4E11C7B7BA6000D25CE /* Main.storyboard */ = {
			isa = PBXVariantGroup;
			children = (
				08BBA4E21C7B7BA6000D25CE /* Base */,
			);
			name = Main.storyboard;
			sourceTree = "<group>";
		};
		08BBA4E61C7B7BA6000D25CE /* LaunchScreen.storyboard */ = {
			isa = PBXVariantGroup;
			children = (
				08BBA4E71C7B7BA6000D25CE /* Base */,
			);
			name = LaunchScreen.storyboard;
			sourceTree = "<group>";
		};
/* End PBXVariantGroup section */

/* Begin XCBuildConfiguration section */
		08BBA5001C7B7BA6000D25CE /* Debug */ = {
			isa = XCBuildConfiguration;
			buildSettings = {
				ALWAYS_SEARCH_USER_PATHS = NO;
				CLANG_CXX_LANGUAGE_STANDARD = "gnu++0x";
				CLANG_CXX_LIBRARY = "libc++";
				CLANG_ENABLE_MODULES = YES;
				CLANG_ENABLE_OBJC_ARC = YES;
				CLANG_WARN_BOOL_CONVERSION = YES;
				CLANG_WARN_CONSTANT_CONVERSION = YES;
				CLANG_WARN_DIRECT_OBJC_ISA_USAGE = YES_ERROR;
				CLANG_WARN_EMPTY_BODY = YES;
				CLANG_WARN_ENUM_CONVERSION = YES;
				CLANG_WARN_INT_CONVERSION = YES;
				CLANG_WARN_OBJC_ROOT_CLASS = YES_ERROR;
				CLANG_WARN_UNREACHABLE_CODE = YES;
				CLANG_WARN__DUPLICATE_METHOD_MATCH = YES;
				"CODE_SIGN_IDENTITY[sdk=iphoneos*]" = "iPhone Developer";
				COPY_PHASE_STRIP = NO;
				DEBUG_INFORMATION_FORMAT = dwarf;
				ENABLE_STRICT_OBJC_MSGSEND = YES;
				ENABLE_TESTABILITY = YES;
				GCC_C_LANGUAGE_STANDARD = gnu99;
				GCC_DYNAMIC_NO_PIC = NO;
				GCC_NO_COMMON_BLOCKS = YES;
				GCC_OPTIMIZATION_LEVEL = 0;
				GCC_PREPROCESSOR_DEFINITIONS = (
					"DEBUG=1",
					"$(inherited)",
				);
				GCC_WARN_64_TO_32_BIT_CONVERSION = YES;
				GCC_WARN_ABOUT_RETURN_TYPE = YES_ERROR;
				GCC_WARN_UNDECLARED_SELECTOR = YES;
				GCC_WARN_UNINITIALIZED_AUTOS = YES_AGGRESSIVE;
				GCC_WARN_UNUSED_FUNCTION = YES;
				GCC_WARN_UNUSED_VARIABLE = YES;
				IPHONEOS_DEPLOYMENT_TARGET = 9.2;
				MTL_ENABLE_DEBUG_INFO = YES;
				ONLY_ACTIVE_ARCH = YES;
				SDKROOT = iphoneos;
				SWIFT_OPTIMIZATION_LEVEL = "-Onone";
			};
			name = Debug;
		};
		08BBA5011C7B7BA6000D25CE /* Release */ = {
			isa = XCBuildConfiguration;
			buildSettings = {
				ALWAYS_SEARCH_USER_PATHS = NO;
				CLANG_CXX_LANGUAGE_STANDARD = "gnu++0x";
				CLANG_CXX_LIBRARY = "libc++";
				CLANG_ENABLE_MODULES = YES;
				CLANG_ENABLE_OBJC_ARC = YES;
				CLANG_WARN_BOOL_CONVERSION = YES;
				CLANG_WARN_CONSTANT_CONVERSION = YES;
				CLANG_WARN_DIRECT_OBJC_ISA_USAGE = YES_ERROR;
				CLANG_WARN_EMPTY_BODY = YES;
				CLANG_WARN_ENUM_CONVERSION = YES;
				CLANG_WARN_INT_CONVERSION = YES;
				CLANG_WARN_OBJC_ROOT_CLASS = YES_ERROR;
				CLANG_WARN_UNREACHABLE_CODE = YES;
				CLANG_WARN__DUPLICATE_METHOD_MATCH = YES;
				"CODE_SIGN_IDENTITY[sdk=iphoneos*]" = "iPhone Developer";
				COPY_PHASE_STRIP = NO;
				DEBUG_INFORMATION_FORMAT = "dwarf-with-dsym";
				ENABLE_NS_ASSERTIONS = NO;
				ENABLE_STRICT_OBJC_MSGSEND = YES;
				GCC_C_LANGUAGE_STANDARD = gnu99;
				GCC_NO_COMMON_BLOCKS = YES;
				GCC_WARN_64_TO_32_BIT_CONVERSION = YES;
				GCC_WARN_ABOUT_RETURN_TYPE = YES_ERROR;
				GCC_WARN_UNDECLARED_SELECTOR = YES;
				GCC_WARN_UNINITIALIZED_AUTOS = YES_AGGRESSIVE;
				GCC_WARN_UNUSED_FUNCTION = YES;
				GCC_WARN_UNUSED_VARIABLE = YES;
				IPHONEOS_DEPLOYMENT_TARGET = 9.2;
				MTL_ENABLE_DEBUG_INFO = NO;
				SDKROOT = iphoneos;
				VALIDATE_PRODUCT = YES;
			};
			name = Release;
		};
		08BBA5031C7B7BA6000D25CE /* Debug */ = {
			isa = XCBuildConfiguration;
			buildSettings = {
				ASSETCATALOG_COMPILER_APPICON_NAME = AppIcon;
				INFOPLIST_FILE = "Gesture Recognizers/Info.plist";
				LD_RUNPATH_SEARCH_PATHS = "$(inherited) @executable_path/Frameworks";
				PRODUCT_BUNDLE_IDENTIFIER = "edu.depaul.csc471.Gesture-Recognizers";
				PRODUCT_NAME = "$(TARGET_NAME)";
			};
			name = Debug;
		};
		08BBA5041C7B7BA6000D25CE /* Release */ = {
			isa = XCBuildConfiguration;
			buildSettings = {
				ASSETCATALOG_COMPILER_APPICON_NAME = AppIcon;
				INFOPLIST_FILE = "Gesture Recognizers/Info.plist";
				LD_RUNPATH_SEARCH_PATHS = "$(inherited) @executable_path/Frameworks";
				PRODUCT_BUNDLE_IDENTIFIER = "edu.depaul.csc471.Gesture-Recognizers";
				PRODUCT_NAME = "$(TARGET_NAME)";
			};
			name = Release;
		};
		08BBA5061C7B7BA6000D25CE /* Debug */ = {
			isa = XCBuildConfiguration;
			buildSettings = {
				BUNDLE_LOADER = "$(TEST_HOST)";
				INFOPLIST_FILE = "Gesture RecognizersTests/Info.plist";
				LD_RUNPATH_SEARCH_PATHS = "$(inherited) @executable_path/Frameworks @loader_path/Frameworks";
				PRODUCT_BUNDLE_IDENTIFIER = "edu.depaul.csc471.Gesture-RecognizersTests";
				PRODUCT_NAME = "$(TARGET_NAME)";
				TEST_HOST = "$(BUILT_PRODUCTS_DIR)/Gesture Recognizers.app/Gesture Recognizers";
			};
			name = Debug;
		};
		08BBA5071C7B7BA6000D25CE /* Release */ = {
			isa = XCBuildConfiguration;
			buildSettings = {
				BUNDLE_LOADER = "$(TEST_HOST)";
				INFOPLIST_FILE = "Gesture RecognizersTests/Info.plist";
				LD_RUNPATH_SEARCH_PATHS = "$(inherited) @executable_path/Frameworks @loader_path/Frameworks";
				PRODUCT_BUNDLE_IDENTIFIER = "edu.depaul.csc471.Gesture-RecognizersTests";
				PRODUCT_NAME = "$(TARGET_NAME)";
				TEST_HOST = "$(BUILT_PRODUCTS_DIR)/Gesture Recognizers.app/Gesture Recognizers";
			};
			name = Release;
		};
		08BBA5091C7B7BA6000D25CE /* Debug */ = {
			isa = XCBuildConfiguration;
			buildSettings = {
				INFOPLIST_FILE = "Gesture RecognizersUITests/Info.plist";
				LD_RUNPATH_SEARCH_PATHS = "$(inherited) @executable_path/Frameworks @loader_path/Frameworks";
				PRODUCT_BUNDLE_IDENTIFIER = "edu.depaul.csc471.Gesture-RecognizersUITests";
				PRODUCT_NAME = "$(TARGET_NAME)";
				TEST_TARGET_NAME = "Gesture Recognizers";
				USES_XCTRUNNER = YES;
			};
			name = Debug;
		};
		08BBA50A1C7B7BA6000D25CE /* Release */ = {
			isa = XCBuildConfiguration;
			buildSettings = {
				INFOPLIST_FILE = "Gesture RecognizersUITests/Info.plist";
				LD_RUNPATH_SEARCH_PATHS = "$(inherited) @executable_path/Frameworks @loader_path/Frameworks";
				PRODUCT_BUNDLE_IDENTIFIER = "edu.depaul.csc471.Gesture-RecognizersUITests";
				PRODUCT_NAME = "$(TARGET_NAME)";
				TEST_TARGET_NAME = "Gesture Recognizers";
				USES_XCTRUNNER = YES;
			};
			name = Release;
		};
/* End XCBuildConfiguration section */

/* Begin XCConfigurationList section */
		08BBA4D51C7B7BA6000D25CE /* Build configuration list for PBXProject "Gesture Recognizers" */ = {
			isa = XCConfigurationList;
			buildConfigurations = (
				08BBA5001C7B7BA6000D25CE /* Debug */,
				08BBA5011C7B7BA6000D25CE /* Release */,
			);
			defaultConfigurationIsVisible = 0;
			defaultConfigurationName = Release;
		};
		08BBA5021C7B7BA6000D25CE /* Build configuration list for PBXNativeTarget "Gesture Recognizers" */ = {
			isa = XCConfigurationList;
			buildConfigurations = (
				08BBA5031C7B7BA6000D25CE /* Debug */,
				08BBA5041C7B7BA6000D25CE /* Release */,
			);
			defaultConfigurationIsVisible = 0;
		};
		08BBA5051C7B7BA6000D25CE /* Build configuration list for PBXNativeTarget "Gesture RecognizersTests" */ = {
			isa = XCConfigurationList;
			buildConfigurations = (
				08BBA5061C7B7BA6000D25CE /* Debug */,
				08BBA5071C7B7BA6000D25CE /* Release */,
			);
			defaultConfigurationIsVisible = 0;
		};
		08BBA5081C7B7BA6000D25CE /* Build configuration list for PBXNativeTarget "Gesture RecognizersUITests" */ = {
			isa = XCConfigurationList;
			buildConfigurations = (
				08BBA5091C7B7BA6000D25CE /* Debug */,
				08BBA50A1C7B7BA6000D25CE /* Release */,
			);
			defaultConfigurationIsVisible = 0;
		};
/* End XCConfigurationList section */
	};
	rootObject = 08BBA4D21C7B7BA6000D25CE /* Project object */;
}
